dependencies:
- name: ltb-passwd
  repository: ""
  version: 0.1.x
- name: phpldapadmin
  repository: ""
  version: 0.1.x
- name: common
  repository: https://charts.bitnami.com/bitnami
  version: 2.16.1
digest: sha256:45e133518c38cbd6708fbfa5de2db847a2612490ac1c100e91fc381a73664c5e
generated: "2024-02-21T22:20:56.807097-06:00"
