dependencies:
- name: ltb-passwd
  repository: ""
  version: 0.1.x
- name: phpldapadmin
  repository: ""
  version: 0.1.x
- name: common
  repository: https://charts.bitnami.com/bitnami
  version: 1.10.0
digest: sha256:ffce1e1b35fc49ce33dbf5c063be307964ca75ba6f13d325d32b474ba34c7ea3
generated: "2021-10-24T14:53:55.640745+02:00"
